<Solution>
  <Folder Name="/src/">
    <Project Path="Application/Application.csproj" />
    <Project Path="Domain/Domain.csproj" />
    <Project Path="Infrastructure/Infrastructure.csproj" />
    <Project Path="Presentation/Presentation.csproj" />
  </Folder>
  <Folder Name="/test/">
    <Project Path="Application.Test/Application.Test.csproj" Id="37535973-2649-41a6-85ae-4e007959a07c" />
  </Folder>
</Solution>
